// !$*UTF8*$!
{
	archiveVersion = 1;
	classes = {
	};
	objectVersion = 46;
	objects = {

/* Begin PBXBuildFile section */
		5233F7B51AAA6CE2005550DC /* AppDelegate.swift in Sources */ = {isa = PBXBuildFile; fileRef = 5233F7B41AAA6CE2005550DC /* AppDelegate.swift */; };
		5233F7B71AAA6CE2005550DC /* ViewController.swift in Sources */ = {isa = PBXBuildFile; fileRef = 5233F7B61AAA6CE2005550DC /* ViewController.swift */; };
		5233F7BA1AAA6CE2005550DC /* Main.storyboard in Resources */ = {isa = PBXBuildFile; fileRef = 5233F7B81AAA6CE2005550DC /* Main.storyboard */; };
		5233F7BC1AAA6CE2005550DC /* Images.xcassets in Resources */ = {isa = PBXBuildFile; fileRef = 5233F7BB1AAA6CE2005550DC /* Images.xcassets */; };
		5233F7BF1AAA6CE2005550DC /* LaunchScreen.xib in Resources */ = {isa = PBXBuildFile; fileRef = 5233F7BD1AAA6CE2005550DC /* LaunchScreen.xib */; };
		5233F7CB1AAA6CE2005550DC /* caffiend_storyboardTests.swift in Sources */ = {isa = PBXBuildFile; fileRef = 5233F7CA1AAA6CE2005550DC /* caffiend_storyboardTests.swift */; };
/* End PBXBuildFile section */

/* Begin PBXContainerItemProxy section */
		5233F7C51AAA6CE2005550DC /* PBXContainerItemProxy */ = {
			isa = PBXContainerItemProxy;
			containerPortal = 5233F7A71AAA6CE1005550DC /* Project object */;
			proxyType = 1;
			remoteGlobalIDString = 5233F7AE1AAA6CE2005550DC;
			remoteInfo = "caffiend-storyboard";
		};
/* End PBXContainerItemProxy section */

/* Begin PBXFileReference section */
		5233F7AF1AAA6CE2005550DC /* caffiend-storyboard.app */ = {isa = PBXFileReference; explicitFileType = wrapper.application; includeInIndex = 0; path = "caffiend-storyboard.app"; sourceTree = BUILT_PRODUCTS_DIR; };
		5233F7B31AAA6CE2005550DC /* Info.plist */ = {isa = PBXFileReference; lastKnownFileType = text.plist.xml; path = Info.plist; sourceTree = "<group>"; };
		5233F7B41AAA6CE2005550DC /* AppDelegate.swift */ = {isa = PBXFileReference; lastKnownFileType = sourcecode.swift; path = AppDelegate.swift; sourceTree = "<group>"; };
		5233F7B61AAA6CE2005550DC /* ViewController.swift */ = {isa = PBXFileReference; lastKnownFileType = sourcecode.swift; path = ViewController.swift; sourceTree = "<group>"; };
		5233F7B91AAA6CE2005550DC /* Base */ = {isa = PBXFileReference; lastKnownFileType = file.storyboard; name = Base; path = Base.lproj/Main.storyboard; sourceTree = "<group>"; };
		5233F7BB1AAA6CE2005550DC /* Images.xcassets */ = {isa = PBXFileReference; lastKnownFileType = folder.assetcatalog; path = Images.xcassets; sourceTree = "<group>"; };
		5233F7BE1AAA6CE2005550DC /* Base */ = {isa = PBXFileReference; lastKnownFileType = file.xib; name = Base; path = Base.lproj/LaunchScreen.xib; sourceTree = "<group>"; };
		5233F7C41AAA6CE2005550DC /* caffiend-storyboardTests.xctest */ = {isa = PBXFileReference; explicitFileType = wrapper.cfbundle; includeInIndex = 0; path = "caffiend-storyboardTests.xctest"; sourceTree = BUILT_PRODUCTS_DIR; };
		5233F7C91AAA6CE2005550DC /* Info.plist */ = {isa = PBXFileReference; lastKnownFileType = text.plist.xml; path = Info.plist; sourceTree = "<group>"; };
		5233F7CA1AAA6CE2005550DC /* caffiend_storyboardTests.swift */ = {isa = PBXFileReference; lastKnownFileType = sourcecode.swift; path = caffiend_storyboardTests.swift; sourceTree = "<group>"; };
/* End PBXFileReference section */

/* Begin PBXFrameworksBuildPhase section */
		5233F7AC1AAA6CE2005550DC /* Frameworks */ = {
			isa = PBXFrameworksBuildPhase;
			buildActionMask = 2147483647;
			files = (
			);
			runOnlyForDeploymentPostprocessing = 0;
		};
		5233F7C11AAA6CE2005550DC /* Frameworks */ = {
			isa = PBXFrameworksBuildPhase;
			buildActionMask = 2147483647;
			files = (
			);
			runOnlyForDeploymentPostprocessing = 0;
		};
/* End PBXFrameworksBuildPhase section */

/* Begin PBXGroup section */
		5233F7A61AAA6CE1005550DC = {
			isa = PBXGroup;
			children = (
				5233F7B11AAA6CE2005550DC /* caffiend-storyboard */,
				5233F7C71AAA6CE2005550DC /* caffiend-storyboardTests */,
				5233F7B01AAA6CE2005550DC /* Products */,
			);
			sourceTree = "<group>";
		};
		5233F7B01AAA6CE2005550DC /* Products */ = {
			isa = PBXGroup;
			children = (
				5233F7AF1AAA6CE2005550DC /* caffiend-storyboard.app */,
				5233F7C41AAA6CE2005550DC /* caffiend-storyboardTests.xctest */,
			);
			name = Products;
			sourceTree = "<group>";
		};
		5233F7B11AAA6CE2005550DC /* caffiend-storyboard */ = {
			isa = PBXGroup;
			children = (
				5233F7B41AAA6CE2005550DC /* AppDelegate.swift */,
				5233F7B61AAA6CE2005550DC /* ViewController.swift */,
				5233F7B81AAA6CE2005550DC /* Main.storyboard */,
				5233F7BB1AAA6CE2005550DC /* Images.xcassets */,
				5233F7BD1AAA6CE2005550DC /* LaunchScreen.xib */,
				5233F7B21AAA6CE2005550DC /* Supporting Files */,
			);
			path = "caffiend-storyboard";
			sourceTree = "<group>";
		};
		5233F7B21AAA6CE2005550DC /* Supporting Files */ = {
			isa = PBXGroup;
			children = (
				5233F7B31AAA6CE2005550DC /* Info.plist */,
			);
			name = "Supporting Files";
			sourceTree = "<group>";
		};
		5233F7C71AAA6CE2005550DC /* caffiend-storyboardTests */ = {
			isa = PBXGroup;
			children = (
				5233F7CA1AAA6CE2005550DC /* caffiend_storyboardTests.swift */,
				5233F7C81AAA6CE2005550DC /* Supporting Files */,
			);
			path = "caffiend-storyboardTests";
			sourceTree = "<group>";
		};
		5233F7C81AAA6CE2005550DC /* Supporting Files */ = {
			isa = PBXGroup;
			children = (
				5233F7C91AAA6CE2005550DC /* Info.plist */,
			);
			name = "Supporting Files";
			sourceTree = "<group>";
		};
/* End PBXGroup section */

/* Begin PBXNativeTarget section */
		5233F7AE1AAA6CE2005550DC /* caffiend-storyboard */ = {
			isa = PBXNativeTarget;
			buildConfigurationList = 5233F7CE1AAA6CE2005550DC /* Build configuration list for PBXNativeTarget "caffiend-storyboard" */;
			buildPhases = (
				5233F7AB1AAA6CE2005550DC /* Sources */,
				5233F7AC1AAA6CE2005550DC /* Frameworks */,
				5233F7AD1AAA6CE2005550DC /* Resources */,
			);
			buildRules = (
			);
			dependencies = (
			);
			name = "caffiend-storyboard";
			productName = "caffiend-storyboard";
			productReference = 5233F7AF1AAA6CE2005550DC /* caffiend-storyboard.app */;
			productType = "com.apple.product-type.application";
		};
		5233F7C31AAA6CE2005550DC /* caffiend-storyboardTests */ = {
			isa = PBXNativeTarget;
			buildConfigurationList = 5233F7D11AAA6CE2005550DC /* Build configuration list for PBXNativeTarget "caffiend-storyboardTests" */;
			buildPhases = (
				5233F7C01AAA6CE2005550DC /* Sources */,
				5233F7C11AAA6CE2005550DC /* Frameworks */,
				5233F7C21AAA6CE2005550DC /* Resources */,
			);
			buildRules = (
			);
			dependencies = (
				5233F7C61AAA6CE2005550DC /* PBXTargetDependency */,
			);
			name = "caffiend-storyboardTests";
			productName = "caffiend-storyboardTests";
			productReference = 5233F7C41AAA6CE2005550DC /* caffiend-storyboardTests.xctest */;
			productType = "com.apple.product-type.bundle.unit-test";
		};
/* End PBXNativeTarget section */

/* Begin PBXProject section */
		5233F7A71AAA6CE1005550DC /* Project object */ = {
			isa = PBXProject;
			attributes = {
				LastUpgradeCheck = 0610;
				ORGANIZATIONNAME = "John Martin";
				TargetAttributes = {
					5233F7AE1AAA6CE2005550DC = {
						CreatedOnToolsVersion = 6.1.1;
					};
					5233F7C31AAA6CE2005550DC = {
						CreatedOnToolsVersion = 6.1.1;
						TestTargetID = 5233F7AE1AAA6CE2005550DC;
					};
				};
			};
			buildConfigurationList = 5233F7AA1AAA6CE1005550DC /* Build configuration list for PBXProject "caffiend-storyboard" */;
			compatibilityVersion = "Xcode 3.2";
			developmentRegion = English;
			hasScannedForEncodings = 0;
			knownRegions = (
				en,
				Base,
			);
			mainGroup = 5233F7A61AAA6CE1005550DC;
			productRefGroup = 5233F7B01AAA6CE2005550DC /* Products */;
			projectDirPath = "";
			projectRoot = "";
			targets = (
				5233F7AE1AAA6CE2005550DC /* caffiend-storyboard */,
				5233F7C31AAA6CE2005550DC /* caffiend-storyboardTests */,
			);
		};
/* End PBXProject section */

/* Begin PBXResourcesBuildPhase section */
		5233F7AD1AAA6CE2005550DC /* Resources */ = {
			isa = PBXResourcesBuildPhase;
			buildActionMask = 2147483647;
			files = (
				5233F7BA1AAA6CE2005550DC /* Main.storyboard in Resources */,
				5233F7BF1AAA6CE2005550DC /* LaunchScreen.xib in Resources */,
				5233F7BC1AAA6CE2005550DC /* Images.xcassets in Resources */,
			);
			runOnlyForDeploymentPostprocessing = 0;
		};
		5233F7C21AAA6CE2005550DC /* Resources */ = {
			isa = PBXResourcesBuildPhase;
			buildActionMask = 2147483647;
			files = (
			);
			runOnlyForDeploymentPostprocessing = 0;
		};
/* End PBXResourcesBuildPhase section */

/* Begin PBXSourcesBuildPhase section */
		5233F7AB1AAA6CE2005550DC /* Sources */ = {
			isa = PBXSourcesBuildPhase;
			buildActionMask = 2147483647;
			files = (
				5233F7B71AAA6CE2005550DC /* ViewController.swift in Sources */,
				5233F7B51AAA6CE2005550DC /* AppDelegate.swift in Sources */,
			);
			runOnlyForDeploymentPostprocessing = 0;
		};
		5233F7C01AAA6CE2005550DC /* Sources */ = {
			isa = PBXSourcesBuildPhase;
			buildActionMask = 2147483647;
			files = (
				5233F7CB1AAA6CE2005550DC /* caffiend_storyboardTests.swift in Sources */,
			);
			runOnlyForDeploymentPostprocessing = 0;
		};
/* End PBXSourcesBuildPhase section */

/* Begin PBXTargetDependency section */
		5233F7C61AAA6CE2005550DC /* PBXTargetDependency */ = {
			isa = PBXTargetDependency;
			target = 5233F7AE1AAA6CE2005550DC /* caffiend-storyboard */;
			targetProxy = 5233F7C51AAA6CE2005550DC /* PBXContainerItemProxy */;
		};
/* End PBXTargetDependency section */

/* Begin PBXVariantGroup section */
		5233F7B81AAA6CE2005550DC /* Main.storyboard */ = {
			isa = PBXVariantGroup;
			children = (
				5233F7B91AAA6CE2005550DC /* Base */,
			);
			name = Main.storyboard;
			sourceTree = "<group>";
		};
		5233F7BD1AAA6CE2005550DC /* LaunchScreen.xib */ = {
			isa = PBXVariantGroup;
			children = (
				5233F7BE1AAA6CE2005550DC /* Base */,
			);
			name = LaunchScreen.xib;
			sourceTree = "<group>";
		};
/* End PBXVariantGroup section */

/* Begin XCBuildConfiguration section */
		5233F7CC1AAA6CE2005550DC /* Debug */ = {
			isa = XCBuildConfiguration;
			buildSettings = {
				ALWAYS_SEARCH_USER_PATHS = NO;
				CLANG_CXX_LANGUAGE_STANDARD = "gnu++0x";
				CLANG_CXX_LIBRARY = "libc++";
				CLANG_ENABLE_MODULES = YES;
				CLANG_ENABLE_OBJC_ARC = YES;
				CLANG_WARN_BOOL_CONVERSION = YES;
				CLANG_WARN_CONSTANT_CONVERSION = YES;
				CLANG_WARN_DIRECT_OBJC_ISA_USAGE = YES_ERROR;
				CLANG_WARN_EMPTY_BODY = YES;
				CLANG_WARN_ENUM_CONVERSION = YES;
				CLANG_WARN_INT_CONVERSION = YES;
				CLANG_WARN_OBJC_ROOT_CLASS = YES_ERROR;
				CLANG_WARN_UNREACHABLE_CODE = YES;
				CLANG_WARN__DUPLICATE_METHOD_MATCH = YES;
				"CODE_SIGN_IDENTITY[sdk=iphoneos*]" = "iPhone Developer";
				COPY_PHASE_STRIP = NO;
				ENABLE_STRICT_OBJC_MSGSEND = YES;
				GCC_C_LANGUAGE_STANDARD = gnu99;
				GCC_DYNAMIC_NO_PIC = NO;
				GCC_OPTIMIZATION_LEVEL = 0;
				GCC_PREPROCESSOR_DEFINITIONS = (
					"DEBUG=1",
					"$(inherited)",
				);
				GCC_SYMBOLS_PRIVATE_EXTERN = NO;
				GCC_WARN_64_TO_32_BIT_CONVERSION = YES;
				GCC_WARN_ABOUT_RETURN_TYPE = YES_ERROR;
				GCC_WARN_UNDECLARED_SELECTOR = YES;
				GCC_WARN_UNINITIALIZED_AUTOS = YES_AGGRESSIVE;
				GCC_WARN_UNUSED_FUNCTION = YES;
				GCC_WARN_UNUSED_VARIABLE = YES;
				IPHONEOS_DEPLOYMENT_TARGET = 8.1;
				MTL_ENABLE_DEBUG_INFO = YES;
				ONLY_ACTIVE_ARCH = YES;
				SDKROOT = iphoneos;
				SWIFT_OPTIMIZATION_LEVEL = "-Onone";
			};
			name = Debug;
		};
		5233F7CD1AAA6CE2005550DC /* Release */ = {
			isa = XCBuildConfiguration;
			buildSettings = {
				ALWAYS_SEARCH_USER_PATHS = NO;
				CLANG_CXX_LANGUAGE_STANDARD = "gnu++0x";
				CLANG_CXX_LIBRARY = "libc++";
				CLANG_ENABLE_MODULES = YES;
				CLANG_ENABLE_OBJC_ARC = YES;
				CLANG_WARN_BOOL_CONVERSION = YES;
				CLANG_WARN_CONSTANT_CONVERSION = YES;
				CLANG_WARN_DIRECT_OBJC_ISA_USAGE = YES_ERROR;
				CLANG_WARN_EMPTY_BODY = YES;
				CLANG_WARN_ENUM_CONVERSION = YES;
				CLANG_WARN_INT_CONVERSION = YES;
				CLANG_WARN_OBJC_ROOT_CLASS = YES_ERROR;
				CLANG_WARN_UNREACHABLE_CODE = YES;
				CLANG_WARN__DUPLICATE_METHOD_MATCH = YES;
				"CODE_SIGN_IDENTITY[sdk=iphoneos*]" = "iPhone Developer";
				COPY_PHASE_STRIP = YES;
				ENABLE_NS_ASSERTIONS = NO;
				ENABLE_STRICT_OBJC_MSGSEND = YES;
				GCC_C_LANGUAGE_STANDARD = gnu99;
				GCC_WARN_64_TO_32_BIT_CONVERSION = YES;
				GCC_WARN_ABOUT_RETURN_TYPE = YES_ERROR;
				GCC_WARN_UNDECLARED_SELECTOR = YES;
				GCC_WARN_UNINITIALIZED_AUTOS = YES_AGGRESSIVE;
				GCC_WARN_UNUSED_FUNCTION = YES;
				GCC_WARN_UNUSED_VARIABLE = YES;
				IPHONEOS_DEPLOYMENT_TARGET = 8.1;
				MTL_ENABLE_DEBUG_INFO = NO;
				SDKROOT = iphoneos;
				VALIDATE_PRODUCT = YES;
			};
			name = Release;
		};
		5233F7CF1AAA6CE2005550DC /* Debug */ = {
			isa = XCBuildConfiguration;
			buildSettings = {
				ASSETCATALOG_COMPILER_APPICON_NAME = AppIcon;
				INFOPLIST_FILE = "caffiend-storyboard/Info.plist";
				LD_RUNPATH_SEARCH_PATHS = "$(inherited) @executable_path/Frameworks";
				PRODUCT_NAME = "$(TARGET_NAME)";
			};
			name = Debug;
		};
		5233F7D01AAA6CE2005550DC /* Release */ = {
			isa = XCBuildConfiguration;
			buildSettings = {
				ASSETCATALOG_COMPILER_APPICON_NAME = AppIcon;
				INFOPLIST_FILE = "caffiend-storyboard/Info.plist";
				LD_RUNPATH_SEARCH_PATHS = "$(inherited) @executable_path/Frameworks";
				PRODUCT_NAME = "$(TARGET_NAME)";
			};
			name = Release;
		};
		5233F7D21AAA6CE2005550DC /* Debug */ = {
			isa = XCBuildConfiguration;
			buildSettings = {
				BUNDLE_LOADER = "$(TEST_HOST)";
				FRAMEWORK_SEARCH_PATHS = (
					"$(SDKROOT)/Developer/Library/Frameworks",
					"$(inherited)",
				);
				GCC_PREPROCESSOR_DEFINITIONS = (
					"DEBUG=1",
					"$(inherited)",
				);
				INFOPLIST_FILE = "caffiend-storyboardTests/Info.plist";
				LD_RUNPATH_SEARCH_PATHS = "$(inherited) @executable_path/Frameworks @loader_path/Frameworks";
				PRODUCT_NAME = "$(TARGET_NAME)";
				TEST_HOST = "$(BUILT_PRODUCTS_DIR)/caffiend-storyboard.app/caffiend-storyboard";
			};
			name = Debug;
		};
		5233F7D31AAA6CE2005550DC /* Release */ = {
			isa = XCBuildConfiguration;
			buildSettings = {
				BUNDLE_LOADER = "$(TEST_HOST)";
				FRAMEWORK_SEARCH_PATHS = (
					"$(SDKROOT)/Developer/Library/Frameworks",
					"$(inherited)",
				);
				INFOPLIST_FILE = "caffiend-storyboardTests/Info.plist";
				LD_RUNPATH_SEARCH_PATHS = "$(inherited) @executable_path/Frameworks @loader_path/Frameworks";
				PRODUCT_NAME = "$(TARGET_NAME)";
				TEST_HOST = "$(BUILT_PRODUCTS_DIR)/caffiend-storyboard.app/caffiend-storyboard";
			};
			name = Release;
		};
/* End XCBuildConfiguration section */

/* Begin XCConfigurationList section */
		5233F7AA1AAA6CE1005550DC /* Build configuration list for PBXProject "caffiend-storyboard" */ = {
			isa = XCConfigurationList;
			buildConfigurations = (
				5233F7CC1AAA6CE2005550DC /* Debug */,
				5233F7CD1AAA6CE2005550DC /* Release */,
			);
			defaultConfigurationIsVisible = 0;
			defaultConfigurationName = Release;
		};
		5233F7CE1AAA6CE2005550DC /* Build configuration list for PBXNativeTarget "caffiend-storyboard" */ = {
			isa = XCConfigurationList;
			buildConfigurations = (
				5233F7CF1AAA6CE2005550DC /* Debug */,
				5233F7D01AAA6CE2005550DC /* Release */,
			);
			defaultConfigurationIsVisible = 0;
		};
		5233F7D11AAA6CE2005550DC /* Build configuration list for PBXNativeTarget "caffiend-storyboardTests" */ = {
			isa = XCConfigurationList;
			buildConfigurations = (
				5233F7D21AAA6CE2005550DC /* Debug */,
				5233F7D31AAA6CE2005550DC /* Release */,
			);
			defaultConfigurationIsVisible = 0;
		};
/* End XCConfigurationList section */
	};
	rootObject = 5233F7A71AAA6CE1005550DC /* Project object */;
}
